// !$*UTF8*$!
{
	archiveVersion = 1;
	classes = {
	};
	objectVersion = 56;
	objects = {

/* Begin PBXBuildFile section */
		721602B529CDB0AD0045BBC3 /* AppContraints.swift in Sources */ = {isa = PBXBuildFile; fileRef = 721602B429CDB0AD0045BBC3 /* AppContraints.swift */; };
		721602C429D040BB0045BBC3 /* Roboto-Medium.ttf in Resources */ = {isa = PBXBuildFile; fileRef = 721602BD29D040BB0045BBC3 /* Roboto-Medium.ttf */; };
		721602C529D040BB0045BBC3 /* Roboto-Light.ttf in Resources */ = {isa = PBXBuildFile; fileRef = 721602BE29D040BB0045BBC3 /* Roboto-Light.ttf */; };
		721602C629D040BB0045BBC3 /* Roboto-Regular.ttf in Resources */ = {isa = PBXBuildFile; fileRef = 721602BF29D040BB0045BBC3 /* Roboto-Regular.ttf */; };
		721602C729D040BB0045BBC3 /* Roboto-Italic.ttf in Resources */ = {isa = PBXBuildFile; fileRef = 721602C029D040BB0045BBC3 /* Roboto-Italic.ttf */; };
		721602C829D040BB0045BBC3 /* Roboto-Bold.ttf in Resources */ = {isa = PBXBuildFile; fileRef = 721602C129D040BB0045BBC3 /* Roboto-Bold.ttf */; };
		721602C929D040BB0045BBC3 /* Roboto-Thin.ttf in Resources */ = {isa = PBXBuildFile; fileRef = 721602C229D040BB0045BBC3 /* Roboto-Thin.ttf */; };
		721602CA29D040BB0045BBC3 /* Roboto-Black.ttf in Resources */ = {isa = PBXBuildFile; fileRef = 721602C329D040BB0045BBC3 /* Roboto-Black.ttf */; };
		723EE77029CD873F00BEB75E /* AppDelegate.swift in Sources */ = {isa = PBXBuildFile; fileRef = 723EE76F29CD873F00BEB75E /* AppDelegate.swift */; };
		723EE77229CD873F00BEB75E /* SceneDelegate.swift in Sources */ = {isa = PBXBuildFile; fileRef = 723EE77129CD873F00BEB75E /* SceneDelegate.swift */; };
		723EE77929CD874100BEB75E /* Assets.xcassets in Resources */ = {isa = PBXBuildFile; fileRef = 723EE77829CD874100BEB75E /* Assets.xcassets */; };
		723EE77C29CD874100BEB75E /* LaunchScreen.storyboard in Resources */ = {isa = PBXBuildFile; fileRef = 723EE77A29CD874100BEB75E /* LaunchScreen.storyboard */; };
		723EE78629CD87F100BEB75E /* ConversationsViewController.swift in Sources */ = {isa = PBXBuildFile; fileRef = 723EE78529CD87F000BEB75E /* ConversationsViewController.swift */; };
		7252B32529D147C900591C85 /* GoogleService-Info.plist in Resources */ = {isa = PBXBuildFile; fileRef = 7252B32429D147C900591C85 /* GoogleService-Info.plist */; };
		7252B32929D14A7100591C85 /* NavigationCustom.swift in Sources */ = {isa = PBXBuildFile; fileRef = 7252B32829D14A7100591C85 /* NavigationCustom.swift */; };
		7252B32D29D15CDF00591C85 /* DatabaseManager.swift in Sources */ = {isa = PBXBuildFile; fileRef = 7252B32C29D15CDF00591C85 /* DatabaseManager.swift */; };
		727D7CE829D1A33D007DB0B1 /* TabbarItemView.swift in Sources */ = {isa = PBXBuildFile; fileRef = 727D7CE729D1A33D007DB0B1 /* TabbarItemView.swift */; };
		727D7CEA29D1A674007DB0B1 /* TabbarView.swift in Sources */ = {isa = PBXBuildFile; fileRef = 727D7CE929D1A674007DB0B1 /* TabbarView.swift */; };
		727D7CEC29D1AAB6007DB0B1 /* MainViewController.swift in Sources */ = {isa = PBXBuildFile; fileRef = 727D7CEB29D1AAB6007DB0B1 /* MainViewController.swift */; };
		727D7CF029D28B70007DB0B1 /* ProfileTableViewCell.swift in Sources */ = {isa = PBXBuildFile; fileRef = 727D7CEF29D28B70007DB0B1 /* ProfileTableViewCell.swift */; };
		72F9557A29CD930600A4E8CE /* LoginViewController.swift in Sources */ = {isa = PBXBuildFile; fileRef = 72F9557929CD930600A4E8CE /* LoginViewController.swift */; };
		72F9557C29CD931400A4E8CE /* RegisterViewController.swift in Sources */ = {isa = PBXBuildFile; fileRef = 72F9557B29CD931400A4E8CE /* RegisterViewController.swift */; };
		72F9557E29CD932200A4E8CE /* PhotoViewerViewController.swift in Sources */ = {isa = PBXBuildFile; fileRef = 72F9557D29CD932200A4E8CE /* PhotoViewerViewController.swift */; };
		72F9558029CD933800A4E8CE /* VideoPlayerViewController.swift in Sources */ = {isa = PBXBuildFile; fileRef = 72F9557F29CD933800A4E8CE /* VideoPlayerViewController.swift */; };
		72F9558229CD936400A4E8CE /* NewConversationViewController.swift in Sources */ = {isa = PBXBuildFile; fileRef = 72F9558129CD936400A4E8CE /* NewConversationViewController.swift */; };
		72F9558429CD937D00A4E8CE /* ProfileViewController.swift in Sources */ = {isa = PBXBuildFile; fileRef = 72F9558329CD937D00A4E8CE /* ProfileViewController.swift */; };
		CDA2F461937283BCE65B237C /* Pods_ChatApp.framework in Frameworks */ = {isa = PBXBuildFile; fileRef = 52783E722F9F36DD229F6D41 /* Pods_ChatApp.framework */; };
/* End PBXBuildFile section */

/* Begin PBXFileReference section */
		52783E722F9F36DD229F6D41 /* Pods_ChatApp.framework */ = {isa = PBXFileReference; explicitFileType = wrapper.framework; includeInIndex = 0; path = Pods_ChatApp.framework; sourceTree = BUILT_PRODUCTS_DIR; };
		721602B429CDB0AD0045BBC3 /* AppContraints.swift */ = {isa = PBXFileReference; lastKnownFileType = sourcecode.swift; path = AppContraints.swift; sourceTree = "<group>"; };
		721602BD29D040BB0045BBC3 /* Roboto-Medium.ttf */ = {isa = PBXFileReference; lastKnownFileType = file; path = "Roboto-Medium.ttf"; sourceTree = "<group>"; };
		721602BE29D040BB0045BBC3 /* Roboto-Light.ttf */ = {isa = PBXFileReference; lastKnownFileType = file; path = "Roboto-Light.ttf"; sourceTree = "<group>"; };
		721602BF29D040BB0045BBC3 /* Roboto-Regular.ttf */ = {isa = PBXFileReference; lastKnownFileType = file; path = "Roboto-Regular.ttf"; sourceTree = "<group>"; };
		721602C029D040BB0045BBC3 /* Roboto-Italic.ttf */ = {isa = PBXFileReference; lastKnownFileType = file; path = "Roboto-Italic.ttf"; sourceTree = "<group>"; };
		721602C129D040BB0045BBC3 /* Roboto-Bold.ttf */ = {isa = PBXFileReference; lastKnownFileType = file; path = "Roboto-Bold.ttf"; sourceTree = "<group>"; };
		721602C229D040BB0045BBC3 /* Roboto-Thin.ttf */ = {isa = PBXFileReference; lastKnownFileType = file; path = "Roboto-Thin.ttf"; sourceTree = "<group>"; };
		721602C329D040BB0045BBC3 /* Roboto-Black.ttf */ = {isa = PBXFileReference; lastKnownFileType = file; path = "Roboto-Black.ttf"; sourceTree = "<group>"; };
		723EE76C29CD873F00BEB75E /* ChatApp.app */ = {isa = PBXFileReference; explicitFileType = wrapper.application; includeInIndex = 0; path = ChatApp.app; sourceTree = BUILT_PRODUCTS_DIR; };
		723EE76F29CD873F00BEB75E /* AppDelegate.swift */ = {isa = PBXFileReference; lastKnownFileType = sourcecode.swift; path = AppDelegate.swift; sourceTree = "<group>"; };
		723EE77129CD873F00BEB75E /* SceneDelegate.swift */ = {isa = PBXFileReference; lastKnownFileType = sourcecode.swift; path = SceneDelegate.swift; sourceTree = "<group>"; };
		723EE77829CD874100BEB75E /* Assets.xcassets */ = {isa = PBXFileReference; lastKnownFileType = folder.assetcatalog; path = Assets.xcassets; sourceTree = "<group>"; };
		723EE77B29CD874100BEB75E /* Base */ = {isa = PBXFileReference; lastKnownFileType = file.storyboard; name = Base; path = Base.lproj/LaunchScreen.storyboard; sourceTree = "<group>"; };
		723EE77D29CD874100BEB75E /* Info.plist */ = {isa = PBXFileReference; lastKnownFileType = text.plist.xml; path = Info.plist; sourceTree = "<group>"; };
		723EE78529CD87F000BEB75E /* ConversationsViewController.swift */ = {isa = PBXFileReference; lastKnownFileType = sourcecode.swift; path = ConversationsViewController.swift; sourceTree = "<group>"; };
		7252B32429D147C900591C85 /* GoogleService-Info.plist */ = {isa = PBXFileReference; fileEncoding = 4; lastKnownFileType = text.plist.xml; path = "GoogleService-Info.plist"; sourceTree = "<group>"; };
		7252B32829D14A7100591C85 /* NavigationCustom.swift */ = {isa = PBXFileReference; lastKnownFileType = sourcecode.swift; path = NavigationCustom.swift; sourceTree = "<group>"; };
		7252B32C29D15CDF00591C85 /* DatabaseManager.swift */ = {isa = PBXFileReference; lastKnownFileType = sourcecode.swift; path = DatabaseManager.swift; sourceTree = "<group>"; };
		727D7CE729D1A33D007DB0B1 /* TabbarItemView.swift */ = {isa = PBXFileReference; lastKnownFileType = sourcecode.swift; path = TabbarItemView.swift; sourceTree = "<group>"; };
		727D7CE929D1A674007DB0B1 /* TabbarView.swift */ = {isa = PBXFileReference; lastKnownFileType = sourcecode.swift; path = TabbarView.swift; sourceTree = "<group>"; };
		727D7CEB29D1AAB6007DB0B1 /* MainViewController.swift */ = {isa = PBXFileReference; lastKnownFileType = sourcecode.swift; path = MainViewController.swift; sourceTree = "<group>"; };
		727D7CEF29D28B70007DB0B1 /* ProfileTableViewCell.swift */ = {isa = PBXFileReference; lastKnownFileType = sourcecode.swift; path = ProfileTableViewCell.swift; sourceTree = "<group>"; };
		727D7CF129D2924F007DB0B1 /* ChatApp.entitlements */ = {isa = PBXFileReference; lastKnownFileType = text.plist.entitlements; path = ChatApp.entitlements; sourceTree = "<group>"; };
		72F9557929CD930600A4E8CE /* LoginViewController.swift */ = {isa = PBXFileReference; lastKnownFileType = sourcecode.swift; path = LoginViewController.swift; sourceTree = "<group>"; };
		72F9557B29CD931400A4E8CE /* RegisterViewController.swift */ = {isa = PBXFileReference; lastKnownFileType = sourcecode.swift; path = RegisterViewController.swift; sourceTree = "<group>"; };
		72F9557D29CD932200A4E8CE /* PhotoViewerViewController.swift */ = {isa = PBXFileReference; lastKnownFileType = sourcecode.swift; path = PhotoViewerViewController.swift; sourceTree = "<group>"; };
		72F9557F29CD933800A4E8CE /* VideoPlayerViewController.swift */ = {isa = PBXFileReference; lastKnownFileType = sourcecode.swift; path = VideoPlayerViewController.swift; sourceTree = "<group>"; };
		72F9558129CD936400A4E8CE /* NewConversationViewController.swift */ = {isa = PBXFileReference; lastKnownFileType = sourcecode.swift; path = NewConversationViewController.swift; sourceTree = "<group>"; };
		72F9558329CD937D00A4E8CE /* ProfileViewController.swift */ = {isa = PBXFileReference; lastKnownFileType = sourcecode.swift; path = ProfileViewController.swift; sourceTree = "<group>"; };
		D4EF5799137C8D4C8D9D73FA /* Pods-ChatApp.debug.xcconfig */ = {isa = PBXFileReference; includeInIndex = 1; lastKnownFileType = text.xcconfig; name = "Pods-ChatApp.debug.xcconfig"; path = "Target Support Files/Pods-ChatApp/Pods-ChatApp.debug.xcconfig"; sourceTree = "<group>"; };
		F753E8175C4F3142D9E3457E /* Pods-ChatApp.release.xcconfig */ = {isa = PBXFileReference; includeInIndex = 1; lastKnownFileType = text.xcconfig; name = "Pods-ChatApp.release.xcconfig"; path = "Target Support Files/Pods-ChatApp/Pods-ChatApp.release.xcconfig"; sourceTree = "<group>"; };
/* End PBXFileReference section */

/* Begin PBXFrameworksBuildPhase section */
		723EE76929CD873F00BEB75E /* Frameworks */ = {
			isa = PBXFrameworksBuildPhase;
			buildActionMask = 2147483647;
			files = (
				CDA2F461937283BCE65B237C /* Pods_ChatApp.framework in Frameworks */,
			);
			runOnlyForDeploymentPostprocessing = 0;
		};
/* End PBXFrameworksBuildPhase section */

/* Begin PBXGroup section */
		42D97A300400AA2B1BA0E892 /* Frameworks */ = {
			isa = PBXGroup;
			children = (
				52783E722F9F36DD229F6D41 /* Pods_ChatApp.framework */,
			);
			name = Frameworks;
			sourceTree = "<group>";
		};
		721602B229CDA1720045BBC3 /* Login */ = {
			isa = PBXGroup;
			children = (
				72F9557929CD930600A4E8CE /* LoginViewController.swift */,
				72F9557B29CD931400A4E8CE /* RegisterViewController.swift */,
			);
			path = Login;
			sourceTree = "<group>";
		};
		721602B329CDB0950045BBC3 /* AppContraints */ = {
			isa = PBXGroup;
			children = (
				721602B429CDB0AD0045BBC3 /* AppContraints.swift */,
			);
			path = AppContraints;
			sourceTree = "<group>";
		};
		721602BA29D040900045BBC3 /* Resource */ = {
			isa = PBXGroup;
			children = (
				721602BC29D040BB0045BBC3 /* Fonts */,
			);
			path = Resource;
			sourceTree = "<group>";
		};
		721602BC29D040BB0045BBC3 /* Fonts */ = {
			isa = PBXGroup;
			children = (
				721602BD29D040BB0045BBC3 /* Roboto-Medium.ttf */,
				721602BE29D040BB0045BBC3 /* Roboto-Light.ttf */,
				721602BF29D040BB0045BBC3 /* Roboto-Regular.ttf */,
				721602C029D040BB0045BBC3 /* Roboto-Italic.ttf */,
				721602C129D040BB0045BBC3 /* Roboto-Bold.ttf */,
				721602C229D040BB0045BBC3 /* Roboto-Thin.ttf */,
				721602C329D040BB0045BBC3 /* Roboto-Black.ttf */,
			);
			name = Fonts;
			path = ../../../../../../../ATProjects/SecretVault/SPE/SPE/Resources/Fonts;
			sourceTree = "<group>";
		};
		723EE76329CD873F00BEB75E = {
			isa = PBXGroup;
			children = (
				723EE76E29CD873F00BEB75E /* ChatApp */,
				723EE76D29CD873F00BEB75E /* Products */,
				8A778C0CD3F164F8535E1ADA /* Pods */,
				42D97A300400AA2B1BA0E892 /* Frameworks */,
			);
			sourceTree = "<group>";
		};
		723EE76D29CD873F00BEB75E /* Products */ = {
			isa = PBXGroup;
			children = (
				723EE76C29CD873F00BEB75E /* ChatApp.app */,
			);
			name = Products;
			sourceTree = "<group>";
		};
		723EE76E29CD873F00BEB75E /* ChatApp */ = {
			isa = PBXGroup;
			children = (
				727D7CF129D2924F007DB0B1 /* ChatApp.entitlements */,
				723EE78329CD875900BEB75E /* SupportingFiles */,
				7252B32B29D15CCA00591C85 /* Utils */,
				7252B32129D0AAE800591C85 /* Extensions */,
				721602B329CDB0950045BBC3 /* AppContraints */,
				72F9557829CD919500A4E8CE /* ViewModels */,
				72F9557729CD919000A4E8CE /* Models */,
				72F9557629CD917600A4E8CE /* Views */,
				723EE78429CD87C900BEB75E /* Controllers */,
			);
			path = ChatApp;
			sourceTree = "<group>";
		};
		723EE78329CD875900BEB75E /* SupportingFiles */ = {
			isa = PBXGroup;
			children = (
				721602BA29D040900045BBC3 /* Resource */,
				723EE76F29CD873F00BEB75E /* AppDelegate.swift */,
				723EE77129CD873F00BEB75E /* SceneDelegate.swift */,
				723EE77829CD874100BEB75E /* Assets.xcassets */,
				723EE77A29CD874100BEB75E /* LaunchScreen.storyboard */,
				723EE77D29CD874100BEB75E /* Info.plist */,
				7252B32429D147C900591C85 /* GoogleService-Info.plist */,
			);
			path = SupportingFiles;
			sourceTree = "<group>";
		};
		723EE78429CD87C900BEB75E /* Controllers */ = {
			isa = PBXGroup;
			children = (
				7252B32A29D15CB600591C85 /* Navigation */,
				727D7CED29D1AABE007DB0B1 /* Main */,
				727D7CEE29D28B57007DB0B1 /* Profile */,
				721602B229CDA1720045BBC3 /* Login */,
				723EE78529CD87F000BEB75E /* ConversationsViewController.swift */,
				72F9557D29CD932200A4E8CE /* PhotoViewerViewController.swift */,
				72F9557F29CD933800A4E8CE /* VideoPlayerViewController.swift */,
				72F9558129CD936400A4E8CE /* NewConversationViewController.swift */,
			);
			path = Controllers;
			sourceTree = "<group>";
		};
		7252B32129D0AAE800591C85 /* Extensions */ = {
			isa = PBXGroup;
			children = (
			);
			path = Extensions;
			sourceTree = "<group>";
		};
		7252B32A29D15CB600591C85 /* Navigation */ = {
			isa = PBXGroup;
			children = (
				7252B32829D14A7100591C85 /* NavigationCustom.swift */,
			);
			path = Navigation;
			sourceTree = "<group>";
		};
		7252B32B29D15CCA00591C85 /* Utils */ = {
			isa = PBXGroup;
			children = (
				7252B32C29D15CDF00591C85 /* DatabaseManager.swift */,
			);
			path = Utils;
			sourceTree = "<group>";
		};
		727D7CED29D1AABE007DB0B1 /* Main */ = {
			isa = PBXGroup;
			children = (
				727D7CEB29D1AAB6007DB0B1 /* MainViewController.swift */,
			);
			path = Main;
			sourceTree = "<group>";
		};
		727D7CEE29D28B57007DB0B1 /* Profile */ = {
			isa = PBXGroup;
			children = (
				72F9558329CD937D00A4E8CE /* ProfileViewController.swift */,
				727D7CEF29D28B70007DB0B1 /* ProfileTableViewCell.swift */,
			);
			path = Profile;
			sourceTree = "<group>";
		};
		72F9557629CD917600A4E8CE /* Views */ = {
			isa = PBXGroup;
			children = (
				727D7CE729D1A33D007DB0B1 /* TabbarItemView.swift */,
				727D7CE929D1A674007DB0B1 /* TabbarView.swift */,
			);
			path = Views;
			sourceTree = "<group>";
		};
		72F9557729CD919000A4E8CE /* Models */ = {
			isa = PBXGroup;
			children = (
			);
			path = Models;
			sourceTree = "<group>";
		};
		72F9557829CD919500A4E8CE /* ViewModels */ = {
			isa = PBXGroup;
			children = (
			);
			path = ViewModels;
			sourceTree = "<group>";
		};
		8A778C0CD3F164F8535E1ADA /* Pods */ = {
			isa = PBXGroup;
			children = (
				D4EF5799137C8D4C8D9D73FA /* Pods-ChatApp.debug.xcconfig */,
				F753E8175C4F3142D9E3457E /* Pods-ChatApp.release.xcconfig */,
			);
			path = Pods;
			sourceTree = "<group>";
		};
/* End PBXGroup section */

/* Begin PBXNativeTarget section */
		723EE76B29CD873F00BEB75E /* ChatApp */ = {
			isa = PBXNativeTarget;
			buildConfigurationList = 723EE78029CD874100BEB75E /* Build configuration list for PBXNativeTarget "ChatApp" */;
			buildPhases = (
				AC1E523B48A6427383AE9C2C /* [CP] Check Pods Manifest.lock */,
				723EE76829CD873F00BEB75E /* Sources */,
				723EE76929CD873F00BEB75E /* Frameworks */,
				723EE76A29CD873F00BEB75E /* Resources */,
				F3893AAB86B35511272024EB /* [CP] Embed Pods Frameworks */,
			);
			buildRules = (
			);
			dependencies = (
			);
			name = ChatApp;
			productName = ChatApp;
			productReference = 723EE76C29CD873F00BEB75E /* ChatApp.app */;
			productType = "com.apple.product-type.application";
		};
/* End PBXNativeTarget section */

/* Begin PBXProject section */
		723EE76429CD873F00BEB75E /* Project object */ = {
			isa = PBXProject;
			attributes = {
				BuildIndependentTargetsInParallel = 1;
				LastSwiftUpdateCheck = 1420;
				LastUpgradeCheck = 1420;
				TargetAttributes = {
					723EE76B29CD873F00BEB75E = {
						CreatedOnToolsVersion = 14.2;
					};
				};
			};
			buildConfigurationList = 723EE76729CD873F00BEB75E /* Build configuration list for PBXProject "ChatApp" */;
			compatibilityVersion = "Xcode 14.0";
			developmentRegion = en;
			hasScannedForEncodings = 0;
			knownRegions = (
				en,
				Base,
			);
			mainGroup = 723EE76329CD873F00BEB75E;
			productRefGroup = 723EE76D29CD873F00BEB75E /* Products */;
			projectDirPath = "";
			projectRoot = "";
			targets = (
				723EE76B29CD873F00BEB75E /* ChatApp */,
			);
		};
/* End PBXProject section */

/* Begin PBXResourcesBuildPhase section */
		723EE76A29CD873F00BEB75E /* Resources */ = {
			isa = PBXResourcesBuildPhase;
			buildActionMask = 2147483647;
			files = (
				721602C929D040BB0045BBC3 /* Roboto-Thin.ttf in Resources */,
				721602C829D040BB0045BBC3 /* Roboto-Bold.ttf in Resources */,
				723EE77C29CD874100BEB75E /* LaunchScreen.storyboard in Resources */,
				721602C729D040BB0045BBC3 /* Roboto-Italic.ttf in Resources */,
				723EE77929CD874100BEB75E /* Assets.xcassets in Resources */,
				721602CA29D040BB0045BBC3 /* Roboto-Black.ttf in Resources */,
				721602C629D040BB0045BBC3 /* Roboto-Regular.ttf in Resources */,
				7252B32529D147C900591C85 /* GoogleService-Info.plist in Resources */,
				721602C529D040BB0045BBC3 /* Roboto-Light.ttf in Resources */,
				721602C429D040BB0045BBC3 /* Roboto-Medium.ttf in Resources */,
			);
			runOnlyForDeploymentPostprocessing = 0;
		};
/* End PBXResourcesBuildPhase section */

/* Begin PBXShellScriptBuildPhase section */
		AC1E523B48A6427383AE9C2C /* [CP] Check Pods Manifest.lock */ = {
			isa = PBXShellScriptBuildPhase;
			buildActionMask = 2147483647;
			files = (
			);
			inputFileListPaths = (
			);
			inputPaths = (
				"${PODS_PODFILE_DIR_PATH}/Podfile.lock",
				"${PODS_ROOT}/Manifest.lock",
			);
			name = "[CP] Check Pods Manifest.lock";
			outputFileListPaths = (
			);
			outputPaths = (
				"$(DERIVED_FILE_DIR)/Pods-ChatApp-checkManifestLockResult.txt",
			);
			runOnlyForDeploymentPostprocessing = 0;
			shellPath = /bin/sh;
			shellScript = "diff \"${PODS_PODFILE_DIR_PATH}/Podfile.lock\" \"${PODS_ROOT}/Manifest.lock\" > /dev/null\nif [ $? != 0 ] ; then\n    # print error to STDERR\n    echo \"error: The sandbox is not in sync with the Podfile.lock. Run 'pod install' or update your CocoaPods installation.\" >&2\n    exit 1\nfi\n# This output is used by Xcode 'outputs' to avoid re-running this script phase.\necho \"SUCCESS\" > \"${SCRIPT_OUTPUT_FILE_0}\"\n";
			showEnvVarsInLog = 0;
		};
		F3893AAB86B35511272024EB /* [CP] Embed Pods Frameworks */ = {
			isa = PBXShellScriptBuildPhase;
			buildActionMask = 2147483647;
			files = (
			);
			inputFileListPaths = (
				"${PODS_ROOT}/Target Support Files/Pods-ChatApp/Pods-ChatApp-frameworks-${CONFIGURATION}-input-files.xcfilelist",
			);
			name = "[CP] Embed Pods Frameworks";
			outputFileListPaths = (
				"${PODS_ROOT}/Target Support Files/Pods-ChatApp/Pods-ChatApp-frameworks-${CONFIGURATION}-output-files.xcfilelist",
			);
			runOnlyForDeploymentPostprocessing = 0;
			shellPath = /bin/sh;
			shellScript = "\"${PODS_ROOT}/Target Support Files/Pods-ChatApp/Pods-ChatApp-frameworks.sh\"\n";
			showEnvVarsInLog = 0;
		};
/* End PBXShellScriptBuildPhase section */

/* Begin PBXSourcesBuildPhase section */
		723EE76829CD873F00BEB75E /* Sources */ = {
			isa = PBXSourcesBuildPhase;
			buildActionMask = 2147483647;
			files = (
				7252B32929D14A7100591C85 /* NavigationCustom.swift in Sources */,
				72F9557A29CD930600A4E8CE /* LoginViewController.swift in Sources */,
				72F9557C29CD931400A4E8CE /* RegisterViewController.swift in Sources */,
				72F9558229CD936400A4E8CE /* NewConversationViewController.swift in Sources */,
				723EE77029CD873F00BEB75E /* AppDelegate.swift in Sources */,
				72F9558029CD933800A4E8CE /* VideoPlayerViewController.swift in Sources */,
				727D7CE829D1A33D007DB0B1 /* TabbarItemView.swift in Sources */,
				723EE77229CD873F00BEB75E /* SceneDelegate.swift in Sources */,
				727D7CEA29D1A674007DB0B1 /* TabbarView.swift in Sources */,
				727D7CF029D28B70007DB0B1 /* ProfileTableViewCell.swift in Sources */,
				727D7CEC29D1AAB6007DB0B1 /* MainViewController.swift in Sources */,
				721602B529CDB0AD0045BBC3 /* AppContraints.swift in Sources */,
				7252B32D29D15CDF00591C85 /* DatabaseManager.swift in Sources */,
				72F9558429CD937D00A4E8CE /* ProfileViewController.swift in Sources */,
				723EE78629CD87F100BEB75E /* ConversationsViewController.swift in Sources */,
				72F9557E29CD932200A4E8CE /* PhotoViewerViewController.swift in Sources */,
			);
			runOnlyForDeploymentPostprocessing = 0;
		};
/* End PBXSourcesBuildPhase section */

/* Begin PBXVariantGroup section */
		723EE77A29CD874100BEB75E /* LaunchScreen.storyboard */ = {
			isa = PBXVariantGroup;
			children = (
				723EE77B29CD874100BEB75E /* Base */,
			);
			name = LaunchScreen.storyboard;
			sourceTree = "<group>";
		};
/* End PBXVariantGroup section */

/* Begin XCBuildConfiguration section */
		723EE77E29CD874100BEB75E /* Debug */ = {
			isa = XCBuildConfiguration;
			buildSettings = {
				ALWAYS_SEARCH_USER_PATHS = NO;
				CLANG_ANALYZER_NONNULL = YES;
				CLANG_ANALYZER_NUMBER_OBJECT_CONVERSION = YES_AGGRESSIVE;
				CLANG_CXX_LANGUAGE_STANDARD = "gnu++20";
				CLANG_ENABLE_MODULES = YES;
				CLANG_ENABLE_OBJC_ARC = YES;
				CLANG_ENABLE_OBJC_WEAK = YES;
				CLANG_WARN_BLOCK_CAPTURE_AUTORELEASING = YES;
				CLANG_WARN_BOOL_CONVERSION = YES;
				CLANG_WARN_COMMA = YES;
				CLANG_WARN_CONSTANT_CONVERSION = YES;
				CLANG_WARN_DEPRECATED_OBJC_IMPLEMENTATIONS = YES;
				CLANG_WARN_DIRECT_OBJC_ISA_USAGE = YES_ERROR;
				CLANG_WARN_DOCUMENTATION_COMMENTS = YES;
				CLANG_WARN_EMPTY_BODY = YES;
				CLANG_WARN_ENUM_CONVERSION = YES;
				CLANG_WARN_INFINITE_RECURSION = YES;
				CLANG_WARN_INT_CONVERSION = YES;
				CLANG_WARN_NON_LITERAL_NULL_CONVERSION = YES;
				CLANG_WARN_OBJC_IMPLICIT_RETAIN_SELF = YES;
				CLANG_WARN_OBJC_LITERAL_CONVERSION = YES;
				CLANG_WARN_OBJC_ROOT_CLASS = YES_ERROR;
				CLANG_WARN_QUOTED_INCLUDE_IN_FRAMEWORK_HEADER = YES;
				CLANG_WARN_RANGE_LOOP_ANALYSIS = YES;
				CLANG_WARN_STRICT_PROTOTYPES = YES;
				CLANG_WARN_SUSPICIOUS_MOVE = YES;
				CLANG_WARN_UNGUARDED_AVAILABILITY = YES_AGGRESSIVE;
				CLANG_WARN_UNREACHABLE_CODE = YES;
				CLANG_WARN__DUPLICATE_METHOD_MATCH = YES;
				COPY_PHASE_STRIP = NO;
				DEBUG_INFORMATION_FORMAT = dwarf;
				ENABLE_STRICT_OBJC_MSGSEND = YES;
				ENABLE_TESTABILITY = YES;
				GCC_C_LANGUAGE_STANDARD = gnu11;
				GCC_DYNAMIC_NO_PIC = NO;
				GCC_NO_COMMON_BLOCKS = YES;
				GCC_OPTIMIZATION_LEVEL = 0;
				GCC_PREPROCESSOR_DEFINITIONS = (
					"DEBUG=1",
					"$(inherited)",
				);
				GCC_WARN_64_TO_32_BIT_CONVERSION = YES;
				GCC_WARN_ABOUT_RETURN_TYPE = YES_ERROR;
				GCC_WARN_UNDECLARED_SELECTOR = YES;
				GCC_WARN_UNINITIALIZED_AUTOS = YES_AGGRESSIVE;
				GCC_WARN_UNUSED_FUNCTION = YES;
				GCC_WARN_UNUSED_VARIABLE = YES;
				IPHONEOS_DEPLOYMENT_TARGET = 16.2;
				MTL_ENABLE_DEBUG_INFO = INCLUDE_SOURCE;
				MTL_FAST_MATH = YES;
				ONLY_ACTIVE_ARCH = YES;
				SDKROOT = iphoneos;
				SWIFT_ACTIVE_COMPILATION_CONDITIONS = DEBUG;
				SWIFT_OPTIMIZATION_LEVEL = "-Onone";
			};
			name = Debug;
		};
		723EE77F29CD874100BEB75E /* Release */ = {
			isa = XCBuildConfiguration;
			buildSettings = {
				ALWAYS_SEARCH_USER_PATHS = NO;
				CLANG_ANALYZER_NONNULL = YES;
				CLANG_ANALYZER_NUMBER_OBJECT_CONVERSION = YES_AGGRESSIVE;
				CLANG_CXX_LANGUAGE_STANDARD = "gnu++20";
				CLANG_ENABLE_MODULES = YES;
				CLANG_ENABLE_OBJC_ARC = YES;
				CLANG_ENABLE_OBJC_WEAK = YES;
				CLANG_WARN_BLOCK_CAPTURE_AUTORELEASING = YES;
				CLANG_WARN_BOOL_CONVERSION = YES;
				CLANG_WARN_COMMA = YES;
				CLANG_WARN_CONSTANT_CONVERSION = YES;
				CLANG_WARN_DEPRECATED_OBJC_IMPLEMENTATIONS = YES;
				CLANG_WARN_DIRECT_OBJC_ISA_USAGE = YES_ERROR;
				CLANG_WARN_DOCUMENTATION_COMMENTS = YES;
				CLANG_WARN_EMPTY_BODY = YES;
				CLANG_WARN_ENUM_CONVERSION = YES;
				CLANG_WARN_INFINITE_RECURSION = YES;
				CLANG_WARN_INT_CONVERSION = YES;
				CLANG_WARN_NON_LITERAL_NULL_CONVERSION = YES;
				CLANG_WARN_OBJC_IMPLICIT_RETAIN_SELF = YES;
				CLANG_WARN_OBJC_LITERAL_CONVERSION = YES;
				CLANG_WARN_OBJC_ROOT_CLASS = YES_ERROR;
				CLANG_WARN_QUOTED_INCLUDE_IN_FRAMEWORK_HEADER = YES;
				CLANG_WARN_RANGE_LOOP_ANALYSIS = YES;
				CLANG_WARN_STRICT_PROTOTYPES = YES;
				CLANG_WARN_SUSPICIOUS_MOVE = YES;
				CLANG_WARN_UNGUARDED_AVAILABILITY = YES_AGGRESSIVE;
				CLANG_WARN_UNREACHABLE_CODE = YES;
				CLANG_WARN__DUPLICATE_METHOD_MATCH = YES;
				COPY_PHASE_STRIP = NO;
				DEBUG_INFORMATION_FORMAT = "dwarf-with-dsym";
				ENABLE_NS_ASSERTIONS = NO;
				ENABLE_STRICT_OBJC_MSGSEND = YES;
				GCC_C_LANGUAGE_STANDARD = gnu11;
				GCC_NO_COMMON_BLOCKS = YES;
				GCC_WARN_64_TO_32_BIT_CONVERSION = YES;
				GCC_WARN_ABOUT_RETURN_TYPE = YES_ERROR;
				GCC_WARN_UNDECLARED_SELECTOR = YES;
				GCC_WARN_UNINITIALIZED_AUTOS = YES_AGGRESSIVE;
				GCC_WARN_UNUSED_FUNCTION = YES;
				GCC_WARN_UNUSED_VARIABLE = YES;
				IPHONEOS_DEPLOYMENT_TARGET = 16.2;
				MTL_ENABLE_DEBUG_INFO = NO;
				MTL_FAST_MATH = YES;
				SDKROOT = iphoneos;
				SWIFT_COMPILATION_MODE = wholemodule;
				SWIFT_OPTIMIZATION_LEVEL = "-O";
				VALIDATE_PRODUCT = YES;
			};
			name = Release;
		};
		723EE78129CD874100BEB75E /* Debug */ = {
			isa = XCBuildConfiguration;
			baseConfigurationReference = D4EF5799137C8D4C8D9D73FA /* Pods-ChatApp.debug.xcconfig */;
			buildSettings = {
				ASSETCATALOG_COMPILER_APPICON_NAME = AppIcon;
				ASSETCATALOG_COMPILER_GLOBAL_ACCENT_COLOR_NAME = AccentColor;
				CODE_SIGN_ENTITLEMENTS = ChatApp/ChatApp.entitlements;
				CODE_SIGN_STYLE = Automatic;
				CURRENT_PROJECT_VERSION = 1;
				DEVELOPMENT_TEAM = A9QHV3NCBJ;
				GENERATE_INFOPLIST_FILE = YES;
				INFOPLIST_FILE = ChatApp/SupportingFiles/Info.plist;
				INFOPLIST_KEY_CFBundleDisplayName = ChatAppSwift;
				INFOPLIST_KEY_UIApplicationSupportsIndirectInputEvents = YES;
				INFOPLIST_KEY_UILaunchStoryboardName = LaunchScreen;
				INFOPLIST_KEY_UISupportedInterfaceOrientations = UIInterfaceOrientationPortrait;
				IPHONEOS_DEPLOYMENT_TARGET = 13.0;
				LD_RUNPATH_SEARCH_PATHS = (
					"$(inherited)",
					"@executable_path/Frameworks",
				);
				MARKETING_VERSION = 1.0;
				PRODUCT_BUNDLE_IDENTIFIER = dev.com.ChatApp;
				PRODUCT_NAME = "$(TARGET_NAME)";
				SWIFT_EMIT_LOC_STRINGS = YES;
				SWIFT_VERSION = 5.0;
				TARGETED_DEVICE_FAMILY = "1,2";
			};
			name = Debug;
		};
		723EE78229CD874100BEB75E /* Release */ = {
			isa = XCBuildConfiguration;
			baseConfigurationReference = F753E8175C4F3142D9E3457E /* Pods-ChatApp.release.xcconfig */;
			buildSettings = {
				ASSETCATALOG_COMPILER_APPICON_NAME = AppIcon;
				ASSETCATALOG_COMPILER_GLOBAL_ACCENT_COLOR_NAME = AccentColor;
				CODE_SIGN_ENTITLEMENTS = ChatApp/ChatApp.entitlements;
				CODE_SIGN_STYLE = Automatic;
				CURRENT_PROJECT_VERSION = 1;
				DEVELOPMENT_TEAM = A9QHV3NCBJ;
				GENERATE_INFOPLIST_FILE = YES;
				INFOPLIST_FILE = ChatApp/SupportingFiles/Info.plist;
				INFOPLIST_KEY_CFBundleDisplayName = ChatAppSwift;
				INFOPLIST_KEY_UIApplicationSupportsIndirectInputEvents = YES;
				INFOPLIST_KEY_UILaunchStoryboardName = LaunchScreen;
				INFOPLIST_KEY_UISupportedInterfaceOrientations = UIInterfaceOrientationPortrait;
				IPHONEOS_DEPLOYMENT_TARGET = 13.0;
				LD_RUNPATH_SEARCH_PATHS = (
					"$(inherited)",
					"@executable_path/Frameworks",
				);
				MARKETING_VERSION = 1.0;
				PRODUCT_BUNDLE_IDENTIFIER = dev.com.ChatApp;
				PRODUCT_NAME = "$(TARGET_NAME)";
				SWIFT_EMIT_LOC_STRINGS = YES;
				SWIFT_VERSION = 5.0;
				TARGETED_DEVICE_FAMILY = "1,2";
			};
			name = Release;
		};
/* End XCBuildConfiguration section */

/* Begin XCConfigurationList section */
		723EE76729CD873F00BEB75E /* Build configuration list for PBXProject "ChatApp" */ = {
			isa = XCConfigurationList;
			buildConfigurations = (
				723EE77E29CD874100BEB75E /* Debug */,
				723EE77F29CD874100BEB75E /* Release */,
			);
			defaultConfigurationIsVisible = 0;
			defaultConfigurationName = Release;
		};
		723EE78029CD874100BEB75E /* Build configuration list for PBXNativeTarget "ChatApp" */ = {
			isa = XCConfigurationList;
			buildConfigurations = (
				723EE78129CD874100BEB75E /* Debug */,
				723EE78229CD874100BEB75E /* Release */,
			);
			defaultConfigurationIsVisible = 0;
			defaultConfigurationName = Release;
		};
/* End XCConfigurationList section */
	};
	rootObject = 723EE76429CD873F00BEB75E /* Project object */;
}
